{
  "name": "test-folder",
  "lockfileVersion": 3,
  "requires": true,
  "packages": {
    "": {
      "dependencies": {
        "@yutoun/is-wds-npm-package-yutoun": "^1.0.0",
        "is-wds-npm-package-yutoun": "^1.0.0"
      }
    },
    "node_modules/@yutoun/is-wds-npm-package-yutoun": {
      "version": "1.0.0",
      "resolved": "https://registry.npmjs.org/@yutoun/is-wds-npm-package-yutoun/-/is-wds-npm-package-yutoun-1.0.0.tgz",
      "integrity": "sha512-ImR2iAgahGQjnZYdySUpbCQoHk8tNKTKMCCDIsAZPRJYmdvnh9YAy6tDUkSFirkK931vLN+JlLT+EA/xQFlP0Q==",
      "license": "ISC"
    },
    "node_modules/is-wds-npm-package-yutoun": {
      "version": "1.0.0",
      "resolved": "https://registry.npmjs.org/is-wds-npm-package-yutoun/-/is-wds-npm-package-yutoun-1.0.0.tgz",
      "integrity": "sha512-5YiWKrTLiHv5ka0Ce57g2lqDVCjmblo7e5YRfKZRjC+x2p62l2TJq0EYhVhqBJj0UzRgUkdEmNueSDPvv+UGkQ==",
      "license": "ISC"
    }
  }
}
